
Microsoft Visual Studio Solution File, Format Version 12.00
# Visual Studio 15
VisualStudioVersion = 15.0.26124.0
MinimumVisualStudioVersion = 15.0.26124.0
Project("{FAE04EC0-301F-11D3-BF4B-00C04F79EFBC}") = "MyMath", "MyMath\MyMath.csproj", "{05700894-EB82-40BC-9E87-9015271F3314}"
EndProject
Project("{FAE04EC0-301F-11D3-BF4B-00C04F79EFBC}") = "MyMath.Tests", "MyMath.Tests\MyMath.Tests.csproj", "{3620796F-B81A-4301-AA61-AFD71EBBE4C6}"
EndProject
Global
	GlobalSection(SolutionConfigurationPlatforms) = preSolution
		Debug|Any CPU = Debug|Any CPU
		Debug|x64 = Debug|x64
		Debug|x86 = Debug|x86
		Release|Any CPU = Release|Any CPU
		Release|x64 = Release|x64
		Release|x86 = Release|x86
	EndGlobalSection
	GlobalSection(SolutionProperties) = preSolution
		HideSolutionNode = FALSE
	EndGlobalSection
	GlobalSection(ProjectConfigurationPlatforms) = postSolution
		{05700894-EB82-40BC-9E87-9015271F3314}.Debug|Any CPU.ActiveCfg = Debug|Any CPU
		{05700894-EB82-40BC-9E87-9015271F3314}.Debug|Any CPU.Build.0 = Debug|Any CPU
		{05700894-EB82-40BC-9E87-9015271F3314}.Debug|x64.ActiveCfg = Debug|Any CPU
		{05700894-EB82-40BC-9E87-9015271F3314}.Debug|x64.Build.0 = Debug|Any CPU
		{05700894-EB82-40BC-9E87-9015271F3314}.Debug|x86.ActiveCfg = Debug|Any CPU
		{05700894-EB82-40BC-9E87-9015271F3314}.Debug|x86.Build.0 = Debug|Any CPU
		{05700894-EB82-40BC-9E87-9015271F3314}.Release|Any CPU.ActiveCfg = Release|Any CPU
		{05700894-EB82-40BC-9E87-9015271F3314}.Release|Any CPU.Build.0 = Release|Any CPU
		{05700894-EB82-40BC-9E87-9015271F3314}.Release|x64.ActiveCfg = Release|Any CPU
		{05700894-EB82-40BC-9E87-9015271F3314}.Release|x64.Build.0 = Release|Any CPU
		{05700894-EB82-40BC-9E87-9015271F3314}.Release|x86.ActiveCfg = Release|Any CPU
		{05700894-EB82-40BC-9E87-9015271F3314}.Release|x86.Build.0 = Release|Any CPU
		{3620796F-B81A-4301-AA61-AFD71EBBE4C6}.Debug|Any CPU.ActiveCfg = Debug|Any CPU
		{3620796F-B81A-4301-AA61-AFD71EBBE4C6}.Debug|Any CPU.Build.0 = Debug|Any CPU
		{3620796F-B81A-4301-AA61-AFD71EBBE4C6}.Debug|x64.ActiveCfg = Debug|Any CPU
		{3620796F-B81A-4301-AA61-AFD71EBBE4C6}.Debug|x64.Build.0 = Debug|Any CPU
		{3620796F-B81A-4301-AA61-AFD71EBBE4C6}.Debug|x86.ActiveCfg = Debug|Any CPU
		{3620796F-B81A-4301-AA61-AFD71EBBE4C6}.Debug|x86.Build.0 = Debug|Any CPU
		{3620796F-B81A-4301-AA61-AFD71EBBE4C6}.Release|Any CPU.ActiveCfg = Release|Any CPU
		{3620796F-B81A-4301-AA61-AFD71EBBE4C6}.Release|Any CPU.Build.0 = Release|Any CPU
		{3620796F-B81A-4301-AA61-AFD71EBBE4C6}.Release|x64.ActiveCfg = Release|Any CPU
		{3620796F-B81A-4301-AA61-AFD71EBBE4C6}.Release|x64.Build.0 = Release|Any CPU
		{3620796F-B81A-4301-AA61-AFD71EBBE4C6}.Release|x86.ActiveCfg = Release|Any CPU
		{3620796F-B81A-4301-AA61-AFD71EBBE4C6}.Release|x86.Build.0 = Release|Any CPU
	EndGlobalSection
EndGlobal
